
Microsoft Visual Studio Solution File, Format Version 12.00
# Visual Studio Version 16
VisualStudioVersion = 16.0.808.9
MinimumVisualStudioVersion = 10.0.40219.1
Project("{FAE04EC0-301F-11D3-BF4B-00C04F79EFBC}") = "Task1", "Task1\Task1.csproj", "{7C483AB0-1898-42B0-89CB-7DF009C870BA}"
EndProject
Project("{FAE04EC0-301F-11D3-BF4B-00C04F79EFBC}") = "Task2", "Task2\Task2.csproj", "{6FF13986-4B4C-4FDA-B9E2-D64EDF5C68F3}"
EndProject
Project("{FAE04EC0-301F-11D3-BF4B-00C04F79EFBC}") = "Task3", "Task3\Task3.csproj", "{5357A11C-CA74-4555-813E-4D561EFF467E}"
EndProject
Project("{FAE04EC0-301F-11D3-BF4B-00C04F79EFBC}") = "Task4", "Task4\Task4.csproj", "{CAD6BC32-3CBD-4CCA-B8C1-79BA1984997C}"
EndProject
Project("{FAE04EC0-301F-11D3-BF4B-00C04F79EFBC}") = "Var2", "Var2\Var2.csproj", "{6716D66C-025D-4CDC-80B9-C2C4CA16C746}"
EndProject
Global
	GlobalSection(SolutionConfigurationPlatforms) = preSolution
		Debug|Any CPU = Debug|Any CPU
		Release|Any CPU = Release|Any CPU
	EndGlobalSection
	GlobalSection(ProjectConfigurationPlatforms) = postSolution
		{7C483AB0-1898-42B0-89CB-7DF009C870BA}.Debug|Any CPU.ActiveCfg = Debug|Any CPU
		{7C483AB0-1898-42B0-89CB-7DF009C870BA}.Debug|Any CPU.Build.0 = Debug|Any CPU
		{7C483AB0-1898-42B0-89CB-7DF009C870BA}.Release|Any CPU.ActiveCfg = Release|Any CPU
		{7C483AB0-1898-42B0-89CB-7DF009C870BA}.Release|Any CPU.Build.0 = Release|Any CPU
		{6FF13986-4B4C-4FDA-B9E2-D64EDF5C68F3}.Debug|Any CPU.ActiveCfg = Debug|Any CPU
		{6FF13986-4B4C-4FDA-B9E2-D64EDF5C68F3}.Debug|Any CPU.Build.0 = Debug|Any CPU
		{6FF13986-4B4C-4FDA-B9E2-D64EDF5C68F3}.Release|Any CPU.ActiveCfg = Release|Any CPU
		{6FF13986-4B4C-4FDA-B9E2-D64EDF5C68F3}.Release|Any CPU.Build.0 = Release|Any CPU
		{5357A11C-CA74-4555-813E-4D561EFF467E}.Debug|Any CPU.ActiveCfg = Debug|Any CPU
		{5357A11C-CA74-4555-813E-4D561EFF467E}.Debug|Any CPU.Build.0 = Debug|Any CPU
		{5357A11C-CA74-4555-813E-4D561EFF467E}.Release|Any CPU.ActiveCfg = Release|Any CPU
		{5357A11C-CA74-4555-813E-4D561EFF467E}.Release|Any CPU.Build.0 = Release|Any CPU
		{CAD6BC32-3CBD-4CCA-B8C1-79BA1984997C}.Debug|Any CPU.ActiveCfg = Debug|Any CPU
		{CAD6BC32-3CBD-4CCA-B8C1-79BA1984997C}.Debug|Any CPU.Build.0 = Debug|Any CPU
		{CAD6BC32-3CBD-4CCA-B8C1-79BA1984997C}.Release|Any CPU.ActiveCfg = Release|Any CPU
		{CAD6BC32-3CBD-4CCA-B8C1-79BA1984997C}.Release|Any CPU.Build.0 = Release|Any CPU
		{6716D66C-025D-4CDC-80B9-C2C4CA16C746}.Debug|Any CPU.ActiveCfg = Debug|Any CPU
		{6716D66C-025D-4CDC-80B9-C2C4CA16C746}.Debug|Any CPU.Build.0 = Debug|Any CPU
		{6716D66C-025D-4CDC-80B9-C2C4CA16C746}.Release|Any CPU.ActiveCfg = Release|Any CPU
		{6716D66C-025D-4CDC-80B9-C2C4CA16C746}.Release|Any CPU.Build.0 = Release|Any CPU
	EndGlobalSection
	GlobalSection(SolutionProperties) = preSolution
		HideSolutionNode = FALSE
	EndGlobalSection
	GlobalSection(ExtensibilityGlobals) = postSolution
		SolutionGuid = {AC34F6DF-0B42-4578-B5BC-653A503E9D31}
	EndGlobalSection
EndGlobal
