
Microsoft Visual Studio Solution File, Format Version 12.00
# Visual Studio Version 16
VisualStudioVersion = 16.0.808.2
MinimumVisualStudioVersion = 10.0.40219.1
Project("{FAE04EC0-301F-11D3-BF4B-00C04F79EFBC}") = "Task1", "Tasl2\Task1.csproj", "{C147CA03-B5A0-4C0C-9946-CA9AD08AD34C}"
EndProject
Project("{FAE04EC0-301F-11D3-BF4B-00C04F79EFBC}") = "Task2", "Task2\Task2.csproj", "{A62DAFFF-9009-42D1-926E-66FF9FFEA076}"
EndProject
Project("{FAE04EC0-301F-11D3-BF4B-00C04F79EFBC}") = "Task4", "Task3\Task4.csproj", "{285F9CC7-029E-4D06-A205-713CA68197B5}"
EndProject
Project("{FAE04EC0-301F-11D3-BF4B-00C04F79EFBC}") = "Task4", "Task4\Task4.csproj", "{8AA082A5-C533-45EB-BDF6-BB35811E8FA3}"
EndProject
Project("{FAE04EC0-301F-11D3-BF4B-00C04F79EFBC}") = "Task3", "Task3\Task3.csproj", "{E5FAC4BB-EE08-4129-B4DF-FE086161AB87}"
EndProject
Global
	GlobalSection(SolutionConfigurationPlatforms) = preSolution
		Debug|Any CPU = Debug|Any CPU
		Release|Any CPU = Release|Any CPU
	EndGlobalSection
	GlobalSection(ProjectConfigurationPlatforms) = postSolution
		{C147CA03-B5A0-4C0C-9946-CA9AD08AD34C}.Debug|Any CPU.ActiveCfg = Debug|Any CPU
		{C147CA03-B5A0-4C0C-9946-CA9AD08AD34C}.Debug|Any CPU.Build.0 = Debug|Any CPU
		{C147CA03-B5A0-4C0C-9946-CA9AD08AD34C}.Release|Any CPU.ActiveCfg = Release|Any CPU
		{C147CA03-B5A0-4C0C-9946-CA9AD08AD34C}.Release|Any CPU.Build.0 = Release|Any CPU
		{A62DAFFF-9009-42D1-926E-66FF9FFEA076}.Debug|Any CPU.ActiveCfg = Debug|Any CPU
		{A62DAFFF-9009-42D1-926E-66FF9FFEA076}.Debug|Any CPU.Build.0 = Debug|Any CPU
		{A62DAFFF-9009-42D1-926E-66FF9FFEA076}.Release|Any CPU.ActiveCfg = Release|Any CPU
		{A62DAFFF-9009-42D1-926E-66FF9FFEA076}.Release|Any CPU.Build.0 = Release|Any CPU
		{285F9CC7-029E-4D06-A205-713CA68197B5}.Debug|Any CPU.ActiveCfg = Debug|Any CPU
		{285F9CC7-029E-4D06-A205-713CA68197B5}.Debug|Any CPU.Build.0 = Debug|Any CPU
		{285F9CC7-029E-4D06-A205-713CA68197B5}.Release|Any CPU.ActiveCfg = Release|Any CPU
		{285F9CC7-029E-4D06-A205-713CA68197B5}.Release|Any CPU.Build.0 = Release|Any CPU
		{8AA082A5-C533-45EB-BDF6-BB35811E8FA3}.Debug|Any CPU.ActiveCfg = Debug|Any CPU
		{8AA082A5-C533-45EB-BDF6-BB35811E8FA3}.Debug|Any CPU.Build.0 = Debug|Any CPU
		{8AA082A5-C533-45EB-BDF6-BB35811E8FA3}.Release|Any CPU.ActiveCfg = Release|Any CPU
		{8AA082A5-C533-45EB-BDF6-BB35811E8FA3}.Release|Any CPU.Build.0 = Release|Any CPU
		{E5FAC4BB-EE08-4129-B4DF-FE086161AB87}.Debug|Any CPU.ActiveCfg = Debug|Any CPU
		{E5FAC4BB-EE08-4129-B4DF-FE086161AB87}.Debug|Any CPU.Build.0 = Debug|Any CPU
		{E5FAC4BB-EE08-4129-B4DF-FE086161AB87}.Release|Any CPU.ActiveCfg = Release|Any CPU
		{E5FAC4BB-EE08-4129-B4DF-FE086161AB87}.Release|Any CPU.Build.0 = Release|Any CPU
	EndGlobalSection
	GlobalSection(SolutionProperties) = preSolution
		HideSolutionNode = FALSE
	EndGlobalSection
	GlobalSection(ExtensibilityGlobals) = postSolution
		SolutionGuid = {D90D9DBE-8ED0-4EBE-BEB0-54EA8CE820C6}
	EndGlobalSection
EndGlobal
