
Microsoft Visual Studio Solution File, Format Version 12.00
# Visual Studio Version 16
VisualStudioVersion = 16.0.808.2
MinimumVisualStudioVersion = 10.0.40219.1
Project("{FAE04EC0-301F-11D3-BF4B-00C04F79EFBC}") = "Task1", "Task1\Task1.csproj", "{7DBF0404-6809-4C6F-A27F-8F8AA2A6D83A}"
EndProject
Project("{FAE04EC0-301F-11D3-BF4B-00C04F79EFBC}") = "Task2", "Task2\Task2.csproj", "{300A76AA-59EF-441C-985E-2E26B9311DD2}"
EndProject
Project("{FAE04EC0-301F-11D3-BF4B-00C04F79EFBC}") = "HW1", "HW1\HW1.csproj", "{2F9653D2-3E36-4FEA-9D2E-B09F2418CEDB}"
EndProject
Project("{FAE04EC0-301F-11D3-BF4B-00C04F79EFBC}") = "HW2", "HW2\HW2.csproj", "{D58C4F36-3190-46F8-BA0C-5517BC3DC2BB}"
EndProject
Project("{FAE04EC0-301F-11D3-BF4B-00C04F79EFBC}") = "HW3", "HW3\HW3.csproj", "{EE3C825F-DABD-4FC2-9906-C228C1FE16B7}"
EndProject
Global
	GlobalSection(SolutionConfigurationPlatforms) = preSolution
		Debug|Any CPU = Debug|Any CPU
		Release|Any CPU = Release|Any CPU
	EndGlobalSection
	GlobalSection(ProjectConfigurationPlatforms) = postSolution
		{7DBF0404-6809-4C6F-A27F-8F8AA2A6D83A}.Debug|Any CPU.ActiveCfg = Debug|Any CPU
		{7DBF0404-6809-4C6F-A27F-8F8AA2A6D83A}.Debug|Any CPU.Build.0 = Debug|Any CPU
		{7DBF0404-6809-4C6F-A27F-8F8AA2A6D83A}.Release|Any CPU.ActiveCfg = Release|Any CPU
		{7DBF0404-6809-4C6F-A27F-8F8AA2A6D83A}.Release|Any CPU.Build.0 = Release|Any CPU
		{300A76AA-59EF-441C-985E-2E26B9311DD2}.Debug|Any CPU.ActiveCfg = Debug|Any CPU
		{300A76AA-59EF-441C-985E-2E26B9311DD2}.Debug|Any CPU.Build.0 = Debug|Any CPU
		{300A76AA-59EF-441C-985E-2E26B9311DD2}.Release|Any CPU.ActiveCfg = Release|Any CPU
		{300A76AA-59EF-441C-985E-2E26B9311DD2}.Release|Any CPU.Build.0 = Release|Any CPU
		{2F9653D2-3E36-4FEA-9D2E-B09F2418CEDB}.Debug|Any CPU.ActiveCfg = Debug|Any CPU
		{2F9653D2-3E36-4FEA-9D2E-B09F2418CEDB}.Debug|Any CPU.Build.0 = Debug|Any CPU
		{2F9653D2-3E36-4FEA-9D2E-B09F2418CEDB}.Release|Any CPU.ActiveCfg = Release|Any CPU
		{2F9653D2-3E36-4FEA-9D2E-B09F2418CEDB}.Release|Any CPU.Build.0 = Release|Any CPU
		{D58C4F36-3190-46F8-BA0C-5517BC3DC2BB}.Debug|Any CPU.ActiveCfg = Debug|Any CPU
		{D58C4F36-3190-46F8-BA0C-5517BC3DC2BB}.Debug|Any CPU.Build.0 = Debug|Any CPU
		{D58C4F36-3190-46F8-BA0C-5517BC3DC2BB}.Release|Any CPU.ActiveCfg = Release|Any CPU
		{D58C4F36-3190-46F8-BA0C-5517BC3DC2BB}.Release|Any CPU.Build.0 = Release|Any CPU
		{EE3C825F-DABD-4FC2-9906-C228C1FE16B7}.Debug|Any CPU.ActiveCfg = Debug|Any CPU
		{EE3C825F-DABD-4FC2-9906-C228C1FE16B7}.Debug|Any CPU.Build.0 = Debug|Any CPU
		{EE3C825F-DABD-4FC2-9906-C228C1FE16B7}.Release|Any CPU.ActiveCfg = Release|Any CPU
		{EE3C825F-DABD-4FC2-9906-C228C1FE16B7}.Release|Any CPU.Build.0 = Release|Any CPU
	EndGlobalSection
	GlobalSection(SolutionProperties) = preSolution
		HideSolutionNode = FALSE
	EndGlobalSection
	GlobalSection(ExtensibilityGlobals) = postSolution
		SolutionGuid = {E1AEFC51-ABFE-45EA-AA93-1B198646B73C}
	EndGlobalSection
EndGlobal
