
Microsoft Visual Studio Solution File, Format Version 12.00
# Visual Studio 15
Project("{FAE04EC0-301F-11D3-BF4B-00C04F79EFBC}") = "Task2", "Task2\Task2.csproj", "{DE70E490-4732-4552-AAB3-AFA653111B1F}"
EndProject
Project("{FAE04EC0-301F-11D3-BF4B-00C04F79EFBC}") = "Task3", "Task3\Task3.csproj", "{0B57B0AC-FF65-47A7-821E-1191D717E4AF}"
EndProject
Project("{FAE04EC0-301F-11D3-BF4B-00C04F79EFBC}") = "Task4", "Task4\Task4.csproj", "{45F7E285-BC9F-492B-AFE2-DA81FDA51B76}"
EndProject
Project("{FAE04EC0-301F-11D3-BF4B-00C04F79EFBC}") = "Task5", "Task5\Task5.csproj", "{5B366E96-4888-4915-928F-0FE49D49CA83}"
EndProject
Project("{FAE04EC0-301F-11D3-BF4B-00C04F79EFBC}") = "Task1", "Task1\Task1.csproj", "{ACF3B176-C8BF-4965-9B67-CF4C9B0B25BD}"
EndProject
Project("{FAE04EC0-301F-11D3-BF4B-00C04F79EFBC}") = "sem03_task9", "sem03_tast_9\sem03_task9.csproj", "{42121344-0474-4837-B816-4D225C1BCD8B}"
EndProject
Project("{FAE04EC0-301F-11D3-BF4B-00C04F79EFBC}") = "sem03_task11", "sem03_task11\sem03_task11.csproj", "{DCF4106F-FDF2-4ED0-9B83-11E9499AD0C6}"
EndProject
Project("{FAE04EC0-301F-11D3-BF4B-00C04F79EFBC}") = "sem03_task13", "sem03_task13\sem03_task13.csproj", "{5F73E299-1876-4196-9394-A7FA75EF0B14}"
EndProject
Project("{FAE04EC0-301F-11D3-BF4B-00C04F79EFBC}") = "sem03_tak16", "sem03_tak16\sem03_tak16.csproj", "{7AF44BD9-85B2-49DE-AA7B-F92B4FA63384}"
EndProject
Project("{FAE04EC0-301F-11D3-BF4B-00C04F79EFBC}") = "sem03_task20", "sem03_task20\sem03_task20.csproj", "{08D034E3-3EBF-49A7-B75F-AD2AF11C2919}"
EndProject
Project("{FAE04EC0-301F-11D3-BF4B-00C04F79EFBC}") = "sem04_task2", "sem04_task2\sem04_task2.csproj", "{E3A944ED-809F-47A1-955C-6A00DAB1F78F}"
EndProject
Project("{FAE04EC0-301F-11D3-BF4B-00C04F79EFBC}") = "sem04_task1", "sem04_task1\sem04_task1.csproj", "{CB3BBCAD-A102-45D7-8071-C840C4C20C71}"
EndProject
Project("{FAE04EC0-301F-11D3-BF4B-00C04F79EFBC}") = "sem04_task3", "sem04_task3\sem04_task3.csproj", "{38F8189D-33B9-4F38-8C0D-8826FD7BA6ED}"
EndProject
Project("{FAE04EC0-301F-11D3-BF4B-00C04F79EFBC}") = "sem04_task4", "sem04_tasl4\sem04_task4.csproj", "{654B37EF-00BF-4887-9073-D2E0BBC3D3BA}"
EndProject
Project("{FAE04EC0-301F-11D3-BF4B-00C04F79EFBC}") = "sem04_task5", "sem04_task5\sem04_task5.csproj", "{54887EA0-6747-4FF6-B6A2-3497709FB490}"
EndProject
Project("{FAE04EC0-301F-11D3-BF4B-00C04F79EFBC}") = "sem04_task6", "sem04_task6\sem04_task6.csproj", "{342AE790-2CCF-4CD2-A5F2-548E551F2B28}"
EndProject
Global
	GlobalSection(SolutionConfigurationPlatforms) = preSolution
		Debug|Any CPU = Debug|Any CPU
		Release|Any CPU = Release|Any CPU
	EndGlobalSection
	GlobalSection(ProjectConfigurationPlatforms) = postSolution
		{DE70E490-4732-4552-AAB3-AFA653111B1F}.Debug|Any CPU.ActiveCfg = Debug|Any CPU
		{DE70E490-4732-4552-AAB3-AFA653111B1F}.Debug|Any CPU.Build.0 = Debug|Any CPU
		{DE70E490-4732-4552-AAB3-AFA653111B1F}.Release|Any CPU.ActiveCfg = Release|Any CPU
		{DE70E490-4732-4552-AAB3-AFA653111B1F}.Release|Any CPU.Build.0 = Release|Any CPU
		{0B57B0AC-FF65-47A7-821E-1191D717E4AF}.Debug|Any CPU.ActiveCfg = Debug|Any CPU
		{0B57B0AC-FF65-47A7-821E-1191D717E4AF}.Debug|Any CPU.Build.0 = Debug|Any CPU
		{0B57B0AC-FF65-47A7-821E-1191D717E4AF}.Release|Any CPU.ActiveCfg = Release|Any CPU
		{0B57B0AC-FF65-47A7-821E-1191D717E4AF}.Release|Any CPU.Build.0 = Release|Any CPU
		{45F7E285-BC9F-492B-AFE2-DA81FDA51B76}.Debug|Any CPU.ActiveCfg = Debug|Any CPU
		{45F7E285-BC9F-492B-AFE2-DA81FDA51B76}.Debug|Any CPU.Build.0 = Debug|Any CPU
		{45F7E285-BC9F-492B-AFE2-DA81FDA51B76}.Release|Any CPU.ActiveCfg = Release|Any CPU
		{45F7E285-BC9F-492B-AFE2-DA81FDA51B76}.Release|Any CPU.Build.0 = Release|Any CPU
		{5B366E96-4888-4915-928F-0FE49D49CA83}.Debug|Any CPU.ActiveCfg = Debug|Any CPU
		{5B366E96-4888-4915-928F-0FE49D49CA83}.Debug|Any CPU.Build.0 = Debug|Any CPU
		{5B366E96-4888-4915-928F-0FE49D49CA83}.Release|Any CPU.ActiveCfg = Release|Any CPU
		{5B366E96-4888-4915-928F-0FE49D49CA83}.Release|Any CPU.Build.0 = Release|Any CPU
		{ACF3B176-C8BF-4965-9B67-CF4C9B0B25BD}.Debug|Any CPU.ActiveCfg = Debug|Any CPU
		{ACF3B176-C8BF-4965-9B67-CF4C9B0B25BD}.Debug|Any CPU.Build.0 = Debug|Any CPU
		{ACF3B176-C8BF-4965-9B67-CF4C9B0B25BD}.Release|Any CPU.ActiveCfg = Release|Any CPU
		{ACF3B176-C8BF-4965-9B67-CF4C9B0B25BD}.Release|Any CPU.Build.0 = Release|Any CPU
		{42121344-0474-4837-B816-4D225C1BCD8B}.Debug|Any CPU.ActiveCfg = Debug|Any CPU
		{42121344-0474-4837-B816-4D225C1BCD8B}.Debug|Any CPU.Build.0 = Debug|Any CPU
		{42121344-0474-4837-B816-4D225C1BCD8B}.Release|Any CPU.ActiveCfg = Release|Any CPU
		{42121344-0474-4837-B816-4D225C1BCD8B}.Release|Any CPU.Build.0 = Release|Any CPU
		{DCF4106F-FDF2-4ED0-9B83-11E9499AD0C6}.Debug|Any CPU.ActiveCfg = Debug|Any CPU
		{DCF4106F-FDF2-4ED0-9B83-11E9499AD0C6}.Debug|Any CPU.Build.0 = Debug|Any CPU
		{DCF4106F-FDF2-4ED0-9B83-11E9499AD0C6}.Release|Any CPU.ActiveCfg = Release|Any CPU
		{DCF4106F-FDF2-4ED0-9B83-11E9499AD0C6}.Release|Any CPU.Build.0 = Release|Any CPU
		{5F73E299-1876-4196-9394-A7FA75EF0B14}.Debug|Any CPU.ActiveCfg = Debug|Any CPU
		{5F73E299-1876-4196-9394-A7FA75EF0B14}.Debug|Any CPU.Build.0 = Debug|Any CPU
		{5F73E299-1876-4196-9394-A7FA75EF0B14}.Release|Any CPU.ActiveCfg = Release|Any CPU
		{5F73E299-1876-4196-9394-A7FA75EF0B14}.Release|Any CPU.Build.0 = Release|Any CPU
		{7AF44BD9-85B2-49DE-AA7B-F92B4FA63384}.Debug|Any CPU.ActiveCfg = Debug|Any CPU
		{7AF44BD9-85B2-49DE-AA7B-F92B4FA63384}.Debug|Any CPU.Build.0 = Debug|Any CPU
		{7AF44BD9-85B2-49DE-AA7B-F92B4FA63384}.Release|Any CPU.ActiveCfg = Release|Any CPU
		{7AF44BD9-85B2-49DE-AA7B-F92B4FA63384}.Release|Any CPU.Build.0 = Release|Any CPU
		{08D034E3-3EBF-49A7-B75F-AD2AF11C2919}.Debug|Any CPU.ActiveCfg = Debug|Any CPU
		{08D034E3-3EBF-49A7-B75F-AD2AF11C2919}.Debug|Any CPU.Build.0 = Debug|Any CPU
		{08D034E3-3EBF-49A7-B75F-AD2AF11C2919}.Release|Any CPU.ActiveCfg = Release|Any CPU
		{08D034E3-3EBF-49A7-B75F-AD2AF11C2919}.Release|Any CPU.Build.0 = Release|Any CPU
		{E3A944ED-809F-47A1-955C-6A00DAB1F78F}.Debug|Any CPU.ActiveCfg = Debug|Any CPU
		{E3A944ED-809F-47A1-955C-6A00DAB1F78F}.Debug|Any CPU.Build.0 = Debug|Any CPU
		{E3A944ED-809F-47A1-955C-6A00DAB1F78F}.Release|Any CPU.ActiveCfg = Release|Any CPU
		{E3A944ED-809F-47A1-955C-6A00DAB1F78F}.Release|Any CPU.Build.0 = Release|Any CPU
		{CB3BBCAD-A102-45D7-8071-C840C4C20C71}.Debug|Any CPU.ActiveCfg = Debug|Any CPU
		{CB3BBCAD-A102-45D7-8071-C840C4C20C71}.Debug|Any CPU.Build.0 = Debug|Any CPU
		{CB3BBCAD-A102-45D7-8071-C840C4C20C71}.Release|Any CPU.ActiveCfg = Release|Any CPU
		{CB3BBCAD-A102-45D7-8071-C840C4C20C71}.Release|Any CPU.Build.0 = Release|Any CPU
		{38F8189D-33B9-4F38-8C0D-8826FD7BA6ED}.Debug|Any CPU.ActiveCfg = Debug|Any CPU
		{38F8189D-33B9-4F38-8C0D-8826FD7BA6ED}.Debug|Any CPU.Build.0 = Debug|Any CPU
		{38F8189D-33B9-4F38-8C0D-8826FD7BA6ED}.Release|Any CPU.ActiveCfg = Release|Any CPU
		{38F8189D-33B9-4F38-8C0D-8826FD7BA6ED}.Release|Any CPU.Build.0 = Release|Any CPU
		{654B37EF-00BF-4887-9073-D2E0BBC3D3BA}.Debug|Any CPU.ActiveCfg = Debug|Any CPU
		{654B37EF-00BF-4887-9073-D2E0BBC3D3BA}.Debug|Any CPU.Build.0 = Debug|Any CPU
		{654B37EF-00BF-4887-9073-D2E0BBC3D3BA}.Release|Any CPU.ActiveCfg = Release|Any CPU
		{654B37EF-00BF-4887-9073-D2E0BBC3D3BA}.Release|Any CPU.Build.0 = Release|Any CPU
		{54887EA0-6747-4FF6-B6A2-3497709FB490}.Debug|Any CPU.ActiveCfg = Debug|Any CPU
		{54887EA0-6747-4FF6-B6A2-3497709FB490}.Debug|Any CPU.Build.0 = Debug|Any CPU
		{54887EA0-6747-4FF6-B6A2-3497709FB490}.Release|Any CPU.ActiveCfg = Release|Any CPU
		{54887EA0-6747-4FF6-B6A2-3497709FB490}.Release|Any CPU.Build.0 = Release|Any CPU
		{342AE790-2CCF-4CD2-A5F2-548E551F2B28}.Debug|Any CPU.ActiveCfg = Debug|Any CPU
		{342AE790-2CCF-4CD2-A5F2-548E551F2B28}.Debug|Any CPU.Build.0 = Debug|Any CPU
		{342AE790-2CCF-4CD2-A5F2-548E551F2B28}.Release|Any CPU.ActiveCfg = Release|Any CPU
		{342AE790-2CCF-4CD2-A5F2-548E551F2B28}.Release|Any CPU.Build.0 = Release|Any CPU
	EndGlobalSection
EndGlobal
