
Microsoft Visual Studio Solution File, Format Version 12.00
# Visual Studio Version 16
VisualStudioVersion = 16.0.808.2
MinimumVisualStudioVersion = 10.0.40219.1
Project("{FAE04EC0-301F-11D3-BF4B-00C04F79EFBC}") = "Task1", "Task1\Task1.csproj", "{B03C8493-3AC4-4736-BE7A-CF73D9D3F7BA}"
EndProject
Project("{FAE04EC0-301F-11D3-BF4B-00C04F79EFBC}") = "Task2", "Task2\Task2.csproj", "{ABCCA1AE-4624-4FA4-B979-E77301FC5D1B}"
EndProject
Project("{FAE04EC0-301F-11D3-BF4B-00C04F79EFBC}") = "Task3", "Task3\Task3.csproj", "{BCFF430E-4244-4FC9-A41C-DC8EFD8DCE95}"
EndProject
Project("{FAE04EC0-301F-11D3-BF4B-00C04F79EFBC}") = "Task4", "Task4\Task4.csproj", "{FDAE9099-288E-41B3-B1FD-EA888AE05C85}"
EndProject
Global
	GlobalSection(SolutionConfigurationPlatforms) = preSolution
		Debug|Any CPU = Debug|Any CPU
		Release|Any CPU = Release|Any CPU
	EndGlobalSection
	GlobalSection(ProjectConfigurationPlatforms) = postSolution
		{B03C8493-3AC4-4736-BE7A-CF73D9D3F7BA}.Debug|Any CPU.ActiveCfg = Debug|Any CPU
		{B03C8493-3AC4-4736-BE7A-CF73D9D3F7BA}.Debug|Any CPU.Build.0 = Debug|Any CPU
		{B03C8493-3AC4-4736-BE7A-CF73D9D3F7BA}.Release|Any CPU.ActiveCfg = Release|Any CPU
		{B03C8493-3AC4-4736-BE7A-CF73D9D3F7BA}.Release|Any CPU.Build.0 = Release|Any CPU
		{ABCCA1AE-4624-4FA4-B979-E77301FC5D1B}.Debug|Any CPU.ActiveCfg = Debug|Any CPU
		{ABCCA1AE-4624-4FA4-B979-E77301FC5D1B}.Debug|Any CPU.Build.0 = Debug|Any CPU
		{ABCCA1AE-4624-4FA4-B979-E77301FC5D1B}.Release|Any CPU.ActiveCfg = Release|Any CPU
		{ABCCA1AE-4624-4FA4-B979-E77301FC5D1B}.Release|Any CPU.Build.0 = Release|Any CPU
		{BCFF430E-4244-4FC9-A41C-DC8EFD8DCE95}.Debug|Any CPU.ActiveCfg = Debug|Any CPU
		{BCFF430E-4244-4FC9-A41C-DC8EFD8DCE95}.Debug|Any CPU.Build.0 = Debug|Any CPU
		{BCFF430E-4244-4FC9-A41C-DC8EFD8DCE95}.Release|Any CPU.ActiveCfg = Release|Any CPU
		{BCFF430E-4244-4FC9-A41C-DC8EFD8DCE95}.Release|Any CPU.Build.0 = Release|Any CPU
		{FDAE9099-288E-41B3-B1FD-EA888AE05C85}.Debug|Any CPU.ActiveCfg = Debug|Any CPU
		{FDAE9099-288E-41B3-B1FD-EA888AE05C85}.Debug|Any CPU.Build.0 = Debug|Any CPU
		{FDAE9099-288E-41B3-B1FD-EA888AE05C85}.Release|Any CPU.ActiveCfg = Release|Any CPU
		{FDAE9099-288E-41B3-B1FD-EA888AE05C85}.Release|Any CPU.Build.0 = Release|Any CPU
	EndGlobalSection
	GlobalSection(SolutionProperties) = preSolution
		HideSolutionNode = FALSE
	EndGlobalSection
	GlobalSection(ExtensibilityGlobals) = postSolution
		SolutionGuid = {0089A285-BE51-4EA6-A51C-59912ACCB3FA}
	EndGlobalSection
EndGlobal
