
Microsoft Visual Studio Solution File, Format Version 12.00
# Visual Studio Version 16
VisualStudioVersion = 16.0.808.2
MinimumVisualStudioVersion = 10.0.40219.1
Project("{FAE04EC0-301F-11D3-BF4B-00C04F79EFBC}") = "Task1", "Task1\Task1.csproj", "{38FC2EC9-C580-4E22-B6FC-78A814E1BB64}"
EndProject
Project("{FAE04EC0-301F-11D3-BF4B-00C04F79EFBC}") = "Task2", "Task2\Task2.csproj", "{A2304B9C-FCA1-44FD-A96B-256448D52E8E}"
EndProject
Global
	GlobalSection(SolutionConfigurationPlatforms) = preSolution
		Debug|Any CPU = Debug|Any CPU
		Release|Any CPU = Release|Any CPU
	EndGlobalSection
	GlobalSection(ProjectConfigurationPlatforms) = postSolution
		{38FC2EC9-C580-4E22-B6FC-78A814E1BB64}.Debug|Any CPU.ActiveCfg = Debug|Any CPU
		{38FC2EC9-C580-4E22-B6FC-78A814E1BB64}.Debug|Any CPU.Build.0 = Debug|Any CPU
		{38FC2EC9-C580-4E22-B6FC-78A814E1BB64}.Release|Any CPU.ActiveCfg = Release|Any CPU
		{38FC2EC9-C580-4E22-B6FC-78A814E1BB64}.Release|Any CPU.Build.0 = Release|Any CPU
		{A2304B9C-FCA1-44FD-A96B-256448D52E8E}.Debug|Any CPU.ActiveCfg = Debug|Any CPU
		{A2304B9C-FCA1-44FD-A96B-256448D52E8E}.Debug|Any CPU.Build.0 = Debug|Any CPU
		{A2304B9C-FCA1-44FD-A96B-256448D52E8E}.Release|Any CPU.ActiveCfg = Release|Any CPU
		{A2304B9C-FCA1-44FD-A96B-256448D52E8E}.Release|Any CPU.Build.0 = Release|Any CPU
	EndGlobalSection
	GlobalSection(SolutionProperties) = preSolution
		HideSolutionNode = FALSE
	EndGlobalSection
	GlobalSection(ExtensibilityGlobals) = postSolution
		SolutionGuid = {33937C60-ACE4-45B6-92D0-B0A3D290386C}
	EndGlobalSection
EndGlobal
