
Microsoft Visual Studio Solution File, Format Version 12.00
# Visual Studio 15
Project("{FAE04EC0-301F-11D3-BF4B-00C04F79EFBC}") = "Task1", "Task1\Task1.csproj", "{A01D6253-9E67-4813-BEDC-08A6A4CC10BB}"
EndProject
Project("{FAE04EC0-301F-11D3-BF4B-00C04F79EFBC}") = "Task2", "Task2\Task2.csproj", "{777A729E-9162-41C0-9417-B81380EAD7B4}"
EndProject
Project("{FAE04EC0-301F-11D3-BF4B-00C04F79EFBC}") = "Task3", "Task3\Task3.csproj", "{C5E9AD1A-262F-4004-8E9C-5C14F111600A}"
EndProject
Global
	GlobalSection(SolutionConfigurationPlatforms) = preSolution
		Debug|Any CPU = Debug|Any CPU
		Release|Any CPU = Release|Any CPU
	EndGlobalSection
	GlobalSection(ProjectConfigurationPlatforms) = postSolution
		{A01D6253-9E67-4813-BEDC-08A6A4CC10BB}.Debug|Any CPU.ActiveCfg = Debug|Any CPU
		{A01D6253-9E67-4813-BEDC-08A6A4CC10BB}.Debug|Any CPU.Build.0 = Debug|Any CPU
		{A01D6253-9E67-4813-BEDC-08A6A4CC10BB}.Release|Any CPU.ActiveCfg = Release|Any CPU
		{A01D6253-9E67-4813-BEDC-08A6A4CC10BB}.Release|Any CPU.Build.0 = Release|Any CPU
		{777A729E-9162-41C0-9417-B81380EAD7B4}.Debug|Any CPU.ActiveCfg = Debug|Any CPU
		{777A729E-9162-41C0-9417-B81380EAD7B4}.Debug|Any CPU.Build.0 = Debug|Any CPU
		{777A729E-9162-41C0-9417-B81380EAD7B4}.Release|Any CPU.ActiveCfg = Release|Any CPU
		{777A729E-9162-41C0-9417-B81380EAD7B4}.Release|Any CPU.Build.0 = Release|Any CPU
		{C5E9AD1A-262F-4004-8E9C-5C14F111600A}.Debug|Any CPU.ActiveCfg = Debug|Any CPU
		{C5E9AD1A-262F-4004-8E9C-5C14F111600A}.Debug|Any CPU.Build.0 = Debug|Any CPU
		{C5E9AD1A-262F-4004-8E9C-5C14F111600A}.Release|Any CPU.ActiveCfg = Release|Any CPU
		{C5E9AD1A-262F-4004-8E9C-5C14F111600A}.Release|Any CPU.Build.0 = Release|Any CPU
	EndGlobalSection
EndGlobal
