
Microsoft Visual Studio Solution File, Format Version 12.00
# Visual Studio 15
Project("{FAE04EC0-301F-11D3-BF4B-00C04F79EFBC}") = "Task1", "Task1\Task1.csproj", "{CCF3C731-629D-46F6-B750-F7E543CFFC6E}"
EndProject
Project("{FAE04EC0-301F-11D3-BF4B-00C04F79EFBC}") = "Task2", "Task2\Task2.csproj", "{548E012F-21F2-4362-A8B1-D83ABC16F01C}"
EndProject
Project("{FAE04EC0-301F-11D3-BF4B-00C04F79EFBC}") = "Task3", "Task3\Task3.csproj", "{97CE25C4-92ED-4062-8B81-8EE166E11F85}"
EndProject
Project("{FAE04EC0-301F-11D3-BF4B-00C04F79EFBC}") = "Task4", "Task4\Task4.csproj", "{7A25C006-CEED-4833-A4F5-BEB844D70343}"
EndProject
Project("{FAE04EC0-301F-11D3-BF4B-00C04F79EFBC}") = "Task5", "Task5\Task5.csproj", "{6E446292-8564-4C59-97BB-5F93425BB7DA}"
EndProject
Project("{FAE04EC0-301F-11D3-BF4B-00C04F79EFBC}") = "hw_1", "hw_1\hw_1.csproj", "{98AAC0C4-AADA-42E5-8D95-E23A2885B354}"
EndProject
Project("{FAE04EC0-301F-11D3-BF4B-00C04F79EFBC}") = "hw_2", "hw_2\hw_2.csproj", "{D08FB045-30E0-4EF3-BFF4-06033F5FBB1B}"
EndProject
Project("{FAE04EC0-301F-11D3-BF4B-00C04F79EFBC}") = "hw_3", "hw_3\hw_3.csproj", "{DD29F653-0423-4B28-BFD6-723A6519C160}"
EndProject
Project("{FAE04EC0-301F-11D3-BF4B-00C04F79EFBC}") = "hw_4", "hw_4\hw_4.csproj", "{7DBB8288-4A34-4C5A-859A-5223CF06CA71}"
EndProject
Project("{FAE04EC0-301F-11D3-BF4B-00C04F79EFBC}") = "hw_5", "hw_5\hw_5.csproj", "{85301F4C-B6E9-4EA5-887C-9F708DE1C1A3}"
EndProject
Project("{FAE04EC0-301F-11D3-BF4B-00C04F79EFBC}") = "hw_6", "hw_6\hw_6.csproj", "{F4C90DAA-117B-40A6-B5ED-FE65ED8A513F}"
EndProject
Project("{FAE04EC0-301F-11D3-BF4B-00C04F79EFBC}") = "hw_7", "hw_7\hw_7.csproj", "{38EB30C4-5BE1-4891-9B54-AFB7481A9E95}"
EndProject
Global
	GlobalSection(SolutionConfigurationPlatforms) = preSolution
		Debug|Any CPU = Debug|Any CPU
		Release|Any CPU = Release|Any CPU
	EndGlobalSection
	GlobalSection(ProjectConfigurationPlatforms) = postSolution
		{CCF3C731-629D-46F6-B750-F7E543CFFC6E}.Debug|Any CPU.ActiveCfg = Debug|Any CPU
		{CCF3C731-629D-46F6-B750-F7E543CFFC6E}.Debug|Any CPU.Build.0 = Debug|Any CPU
		{CCF3C731-629D-46F6-B750-F7E543CFFC6E}.Release|Any CPU.ActiveCfg = Release|Any CPU
		{CCF3C731-629D-46F6-B750-F7E543CFFC6E}.Release|Any CPU.Build.0 = Release|Any CPU
		{548E012F-21F2-4362-A8B1-D83ABC16F01C}.Debug|Any CPU.ActiveCfg = Debug|Any CPU
		{548E012F-21F2-4362-A8B1-D83ABC16F01C}.Debug|Any CPU.Build.0 = Debug|Any CPU
		{548E012F-21F2-4362-A8B1-D83ABC16F01C}.Release|Any CPU.ActiveCfg = Release|Any CPU
		{548E012F-21F2-4362-A8B1-D83ABC16F01C}.Release|Any CPU.Build.0 = Release|Any CPU
		{97CE25C4-92ED-4062-8B81-8EE166E11F85}.Debug|Any CPU.ActiveCfg = Debug|Any CPU
		{97CE25C4-92ED-4062-8B81-8EE166E11F85}.Debug|Any CPU.Build.0 = Debug|Any CPU
		{97CE25C4-92ED-4062-8B81-8EE166E11F85}.Release|Any CPU.ActiveCfg = Release|Any CPU
		{97CE25C4-92ED-4062-8B81-8EE166E11F85}.Release|Any CPU.Build.0 = Release|Any CPU
		{7A25C006-CEED-4833-A4F5-BEB844D70343}.Debug|Any CPU.ActiveCfg = Debug|Any CPU
		{7A25C006-CEED-4833-A4F5-BEB844D70343}.Debug|Any CPU.Build.0 = Debug|Any CPU
		{7A25C006-CEED-4833-A4F5-BEB844D70343}.Release|Any CPU.ActiveCfg = Release|Any CPU
		{7A25C006-CEED-4833-A4F5-BEB844D70343}.Release|Any CPU.Build.0 = Release|Any CPU
		{6E446292-8564-4C59-97BB-5F93425BB7DA}.Debug|Any CPU.ActiveCfg = Debug|Any CPU
		{6E446292-8564-4C59-97BB-5F93425BB7DA}.Debug|Any CPU.Build.0 = Debug|Any CPU
		{6E446292-8564-4C59-97BB-5F93425BB7DA}.Release|Any CPU.ActiveCfg = Release|Any CPU
		{6E446292-8564-4C59-97BB-5F93425BB7DA}.Release|Any CPU.Build.0 = Release|Any CPU
		{98AAC0C4-AADA-42E5-8D95-E23A2885B354}.Debug|Any CPU.ActiveCfg = Debug|Any CPU
		{98AAC0C4-AADA-42E5-8D95-E23A2885B354}.Debug|Any CPU.Build.0 = Debug|Any CPU
		{98AAC0C4-AADA-42E5-8D95-E23A2885B354}.Release|Any CPU.ActiveCfg = Release|Any CPU
		{98AAC0C4-AADA-42E5-8D95-E23A2885B354}.Release|Any CPU.Build.0 = Release|Any CPU
		{D08FB045-30E0-4EF3-BFF4-06033F5FBB1B}.Debug|Any CPU.ActiveCfg = Debug|Any CPU
		{D08FB045-30E0-4EF3-BFF4-06033F5FBB1B}.Debug|Any CPU.Build.0 = Debug|Any CPU
		{D08FB045-30E0-4EF3-BFF4-06033F5FBB1B}.Release|Any CPU.ActiveCfg = Release|Any CPU
		{D08FB045-30E0-4EF3-BFF4-06033F5FBB1B}.Release|Any CPU.Build.0 = Release|Any CPU
		{DD29F653-0423-4B28-BFD6-723A6519C160}.Debug|Any CPU.ActiveCfg = Debug|Any CPU
		{DD29F653-0423-4B28-BFD6-723A6519C160}.Debug|Any CPU.Build.0 = Debug|Any CPU
		{DD29F653-0423-4B28-BFD6-723A6519C160}.Release|Any CPU.ActiveCfg = Release|Any CPU
		{DD29F653-0423-4B28-BFD6-723A6519C160}.Release|Any CPU.Build.0 = Release|Any CPU
		{7DBB8288-4A34-4C5A-859A-5223CF06CA71}.Debug|Any CPU.ActiveCfg = Debug|Any CPU
		{7DBB8288-4A34-4C5A-859A-5223CF06CA71}.Debug|Any CPU.Build.0 = Debug|Any CPU
		{7DBB8288-4A34-4C5A-859A-5223CF06CA71}.Release|Any CPU.ActiveCfg = Release|Any CPU
		{7DBB8288-4A34-4C5A-859A-5223CF06CA71}.Release|Any CPU.Build.0 = Release|Any CPU
		{85301F4C-B6E9-4EA5-887C-9F708DE1C1A3}.Debug|Any CPU.ActiveCfg = Debug|Any CPU
		{85301F4C-B6E9-4EA5-887C-9F708DE1C1A3}.Debug|Any CPU.Build.0 = Debug|Any CPU
		{85301F4C-B6E9-4EA5-887C-9F708DE1C1A3}.Release|Any CPU.ActiveCfg = Release|Any CPU
		{85301F4C-B6E9-4EA5-887C-9F708DE1C1A3}.Release|Any CPU.Build.0 = Release|Any CPU
		{F4C90DAA-117B-40A6-B5ED-FE65ED8A513F}.Debug|Any CPU.ActiveCfg = Debug|Any CPU
		{F4C90DAA-117B-40A6-B5ED-FE65ED8A513F}.Debug|Any CPU.Build.0 = Debug|Any CPU
		{F4C90DAA-117B-40A6-B5ED-FE65ED8A513F}.Release|Any CPU.ActiveCfg = Release|Any CPU
		{F4C90DAA-117B-40A6-B5ED-FE65ED8A513F}.Release|Any CPU.Build.0 = Release|Any CPU
		{38EB30C4-5BE1-4891-9B54-AFB7481A9E95}.Debug|Any CPU.ActiveCfg = Debug|Any CPU
		{38EB30C4-5BE1-4891-9B54-AFB7481A9E95}.Debug|Any CPU.Build.0 = Debug|Any CPU
		{38EB30C4-5BE1-4891-9B54-AFB7481A9E95}.Release|Any CPU.ActiveCfg = Release|Any CPU
		{38EB30C4-5BE1-4891-9B54-AFB7481A9E95}.Release|Any CPU.Build.0 = Release|Any CPU
	EndGlobalSection
EndGlobal
