
Microsoft Visual Studio Solution File, Format Version 12.00
# Visual Studio 15
Project("{FAE04EC0-301F-11D3-BF4B-00C04F79EFBC}") = "Task1", "Task1\Task1.csproj", "{CCF3C731-629D-46F6-B750-F7E543CFFC6E}"
EndProject
Project("{FAE04EC0-301F-11D3-BF4B-00C04F79EFBC}") = "Task2", "Task2\Task2.csproj", "{548E012F-21F2-4362-A8B1-D83ABC16F01C}"
EndProject
Project("{FAE04EC0-301F-11D3-BF4B-00C04F79EFBC}") = "Task3", "Task3\Task3.csproj", "{97CE25C4-92ED-4062-8B81-8EE166E11F85}"
EndProject
Project("{FAE04EC0-301F-11D3-BF4B-00C04F79EFBC}") = "Task4", "Task4\Task4.csproj", "{7A25C006-CEED-4833-A4F5-BEB844D70343}"
EndProject
Project("{FAE04EC0-301F-11D3-BF4B-00C04F79EFBC}") = "Task5", "Task5\Task5.csproj", "{6E446292-8564-4C59-97BB-5F93425BB7DA}"
EndProject
Global
	GlobalSection(SolutionConfigurationPlatforms) = preSolution
		Debug|Any CPU = Debug|Any CPU
		Release|Any CPU = Release|Any CPU
	EndGlobalSection
	GlobalSection(ProjectConfigurationPlatforms) = postSolution
		{CCF3C731-629D-46F6-B750-F7E543CFFC6E}.Debug|Any CPU.ActiveCfg = Debug|Any CPU
		{CCF3C731-629D-46F6-B750-F7E543CFFC6E}.Debug|Any CPU.Build.0 = Debug|Any CPU
		{CCF3C731-629D-46F6-B750-F7E543CFFC6E}.Release|Any CPU.ActiveCfg = Release|Any CPU
		{CCF3C731-629D-46F6-B750-F7E543CFFC6E}.Release|Any CPU.Build.0 = Release|Any CPU
		{548E012F-21F2-4362-A8B1-D83ABC16F01C}.Debug|Any CPU.ActiveCfg = Debug|Any CPU
		{548E012F-21F2-4362-A8B1-D83ABC16F01C}.Debug|Any CPU.Build.0 = Debug|Any CPU
		{548E012F-21F2-4362-A8B1-D83ABC16F01C}.Release|Any CPU.ActiveCfg = Release|Any CPU
		{548E012F-21F2-4362-A8B1-D83ABC16F01C}.Release|Any CPU.Build.0 = Release|Any CPU
		{97CE25C4-92ED-4062-8B81-8EE166E11F85}.Debug|Any CPU.ActiveCfg = Debug|Any CPU
		{97CE25C4-92ED-4062-8B81-8EE166E11F85}.Debug|Any CPU.Build.0 = Debug|Any CPU
		{97CE25C4-92ED-4062-8B81-8EE166E11F85}.Release|Any CPU.ActiveCfg = Release|Any CPU
		{97CE25C4-92ED-4062-8B81-8EE166E11F85}.Release|Any CPU.Build.0 = Release|Any CPU
		{7A25C006-CEED-4833-A4F5-BEB844D70343}.Debug|Any CPU.ActiveCfg = Debug|Any CPU
		{7A25C006-CEED-4833-A4F5-BEB844D70343}.Debug|Any CPU.Build.0 = Debug|Any CPU
		{7A25C006-CEED-4833-A4F5-BEB844D70343}.Release|Any CPU.ActiveCfg = Release|Any CPU
		{7A25C006-CEED-4833-A4F5-BEB844D70343}.Release|Any CPU.Build.0 = Release|Any CPU
		{6E446292-8564-4C59-97BB-5F93425BB7DA}.Debug|Any CPU.ActiveCfg = Debug|Any CPU
		{6E446292-8564-4C59-97BB-5F93425BB7DA}.Debug|Any CPU.Build.0 = Debug|Any CPU
		{6E446292-8564-4C59-97BB-5F93425BB7DA}.Release|Any CPU.ActiveCfg = Release|Any CPU
		{6E446292-8564-4C59-97BB-5F93425BB7DA}.Release|Any CPU.Build.0 = Release|Any CPU
	EndGlobalSection
EndGlobal
