
Microsoft Visual Studio Solution File, Format Version 12.00
# Visual Studio 15
Project("{FAE04EC0-301F-11D3-BF4B-00C04F79EFBC}") = "Task1", "Task1\Task1.csproj", "{CCF3C731-629D-46F6-B750-F7E543CFFC6E}"
EndProject
Project("{FAE04EC0-301F-11D3-BF4B-00C04F79EFBC}") = "Task2", "Task2\Task2.csproj", "{548E012F-21F2-4362-A8B1-D83ABC16F01C}"
EndProject
Project("{FAE04EC0-301F-11D3-BF4B-00C04F79EFBC}") = "Task3", "Task3\Task3.csproj", "{7A6E137F-5F78-44F3-9215-8E8FD03D5495}"
EndProject
Global
	GlobalSection(SolutionConfigurationPlatforms) = preSolution
		Debug|Any CPU = Debug|Any CPU
		Release|Any CPU = Release|Any CPU
	EndGlobalSection
	GlobalSection(ProjectConfigurationPlatforms) = postSolution
		{CCF3C731-629D-46F6-B750-F7E543CFFC6E}.Debug|Any CPU.ActiveCfg = Debug|Any CPU
		{CCF3C731-629D-46F6-B750-F7E543CFFC6E}.Debug|Any CPU.Build.0 = Debug|Any CPU
		{CCF3C731-629D-46F6-B750-F7E543CFFC6E}.Release|Any CPU.ActiveCfg = Release|Any CPU
		{CCF3C731-629D-46F6-B750-F7E543CFFC6E}.Release|Any CPU.Build.0 = Release|Any CPU
		{548E012F-21F2-4362-A8B1-D83ABC16F01C}.Debug|Any CPU.ActiveCfg = Debug|Any CPU
		{548E012F-21F2-4362-A8B1-D83ABC16F01C}.Debug|Any CPU.Build.0 = Debug|Any CPU
		{548E012F-21F2-4362-A8B1-D83ABC16F01C}.Release|Any CPU.ActiveCfg = Release|Any CPU
		{548E012F-21F2-4362-A8B1-D83ABC16F01C}.Release|Any CPU.Build.0 = Release|Any CPU
		{7A6E137F-5F78-44F3-9215-8E8FD03D5495}.Debug|Any CPU.ActiveCfg = Debug|Any CPU
		{7A6E137F-5F78-44F3-9215-8E8FD03D5495}.Debug|Any CPU.Build.0 = Debug|Any CPU
		{7A6E137F-5F78-44F3-9215-8E8FD03D5495}.Release|Any CPU.ActiveCfg = Release|Any CPU
		{7A6E137F-5F78-44F3-9215-8E8FD03D5495}.Release|Any CPU.Build.0 = Release|Any CPU
	EndGlobalSection
EndGlobal
