
Microsoft Visual Studio Solution File, Format Version 12.00
# Visual Studio Version 16
VisualStudioVersion = 16.0.808.9
MinimumVisualStudioVersion = 10.0.40219.1
Project("{FAE04EC0-301F-11D3-BF4B-00C04F79EFBC}") = "Task1", "Task1\Task1.csproj", "{00C03E87-5239-403D-ACF4-D67DAF956B20}"
EndProject
Project("{FAE04EC0-301F-11D3-BF4B-00C04F79EFBC}") = "Task2", "Task2\Task2.csproj", "{59B5F9B1-6454-4C0B-8EDC-2A82CB0BF893}"
EndProject
Project("{FAE04EC0-301F-11D3-BF4B-00C04F79EFBC}") = "Task3", "Task3\Task3.csproj", "{6C2E371A-9A68-4E1F-A171-24EEF89522A1}"
EndProject
Global
	GlobalSection(SolutionConfigurationPlatforms) = preSolution
		Debug|Any CPU = Debug|Any CPU
		Release|Any CPU = Release|Any CPU
	EndGlobalSection
	GlobalSection(ProjectConfigurationPlatforms) = postSolution
		{00C03E87-5239-403D-ACF4-D67DAF956B20}.Debug|Any CPU.ActiveCfg = Debug|Any CPU
		{00C03E87-5239-403D-ACF4-D67DAF956B20}.Debug|Any CPU.Build.0 = Debug|Any CPU
		{00C03E87-5239-403D-ACF4-D67DAF956B20}.Release|Any CPU.ActiveCfg = Release|Any CPU
		{00C03E87-5239-403D-ACF4-D67DAF956B20}.Release|Any CPU.Build.0 = Release|Any CPU
		{59B5F9B1-6454-4C0B-8EDC-2A82CB0BF893}.Debug|Any CPU.ActiveCfg = Debug|Any CPU
		{59B5F9B1-6454-4C0B-8EDC-2A82CB0BF893}.Debug|Any CPU.Build.0 = Debug|Any CPU
		{59B5F9B1-6454-4C0B-8EDC-2A82CB0BF893}.Release|Any CPU.ActiveCfg = Release|Any CPU
		{59B5F9B1-6454-4C0B-8EDC-2A82CB0BF893}.Release|Any CPU.Build.0 = Release|Any CPU
		{6C2E371A-9A68-4E1F-A171-24EEF89522A1}.Debug|Any CPU.ActiveCfg = Debug|Any CPU
		{6C2E371A-9A68-4E1F-A171-24EEF89522A1}.Debug|Any CPU.Build.0 = Debug|Any CPU
		{6C2E371A-9A68-4E1F-A171-24EEF89522A1}.Release|Any CPU.ActiveCfg = Release|Any CPU
		{6C2E371A-9A68-4E1F-A171-24EEF89522A1}.Release|Any CPU.Build.0 = Release|Any CPU
	EndGlobalSection
	GlobalSection(SolutionProperties) = preSolution
		HideSolutionNode = FALSE
	EndGlobalSection
	GlobalSection(ExtensibilityGlobals) = postSolution
		SolutionGuid = {962F5BCA-7EF0-465B-B863-8E47ECE1B9C6}
	EndGlobalSection
EndGlobal
