
Microsoft Visual Studio Solution File, Format Version 12.00
# Visual Studio 15
Project("{FAE04EC0-301F-11D3-BF4B-00C04F79EFBC}") = "Task1", "Task1\Task1.csproj", "{0FD43214-E81D-425D-8752-B14529D4D562}"
EndProject
Project("{FAE04EC0-301F-11D3-BF4B-00C04F79EFBC}") = "Task2", "Task2\Task2.csproj", "{1F6F4BE5-4B68-47FC-A8A3-9D6C441F9CEE}"
EndProject
Project("{FAE04EC0-301F-11D3-BF4B-00C04F79EFBC}") = "Task3", "Task3\Task3.csproj", "{66F5FA87-B05A-4444-8730-2B5D3E59A9F5}"
EndProject
Project("{FAE04EC0-301F-11D3-BF4B-00C04F79EFBC}") = "Task4", "Task4\Task4.csproj", "{143042F0-0234-4E09-A75F-8CDBF91B4166}"
EndProject
Project("{FAE04EC0-301F-11D3-BF4B-00C04F79EFBC}") = "Task6", "Task6\Task6.csproj", "{F94BD860-9ABA-49F4-A47F-814573D7885B}"
EndProject
Project("{FAE04EC0-301F-11D3-BF4B-00C04F79EFBC}") = "Task7", "Task7\Task7.csproj", "{86DE745B-7CC9-4979-A111-C5982379BC99}"
EndProject
Project("{FAE04EC0-301F-11D3-BF4B-00C04F79EFBC}") = "hw_1", "hw_1\hw_1.csproj", "{E77EA61A-7FFB-4C17-9CF4-BD940C25A3EA}"
EndProject
Project("{FAE04EC0-301F-11D3-BF4B-00C04F79EFBC}") = "hw_2", "hw_2\hw_2.csproj", "{C4F3089B-E322-4FC0-9F7A-7C9E0B9CE20C}"
EndProject
Project("{FAE04EC0-301F-11D3-BF4B-00C04F79EFBC}") = "hw_3", "hw_3\hw_3.csproj", "{014ECB1D-B58D-43D5-927A-648EF7C81604}"
EndProject
Project("{FAE04EC0-301F-11D3-BF4B-00C04F79EFBC}") = "hw_4", "hw_4\hw_4.csproj", "{B0E3DFEB-E6BD-4EB0-B86B-54B55F2579C5}"
EndProject
Project("{FAE04EC0-301F-11D3-BF4B-00C04F79EFBC}") = "hw_5", "hw_5\hw_5.csproj", "{DC189485-946A-47AF-AEA8-29ED598674D9}"
EndProject
Project("{FAE04EC0-301F-11D3-BF4B-00C04F79EFBC}") = "hw_6", "hw_6\hw_6.csproj", "{1838C7AF-6F67-4457-8226-3B43E50202DF}"
EndProject
Global
	GlobalSection(SolutionConfigurationPlatforms) = preSolution
		Debug|Any CPU = Debug|Any CPU
		Release|Any CPU = Release|Any CPU
	EndGlobalSection
	GlobalSection(ProjectConfigurationPlatforms) = postSolution
		{0FD43214-E81D-425D-8752-B14529D4D562}.Debug|Any CPU.ActiveCfg = Debug|Any CPU
		{0FD43214-E81D-425D-8752-B14529D4D562}.Debug|Any CPU.Build.0 = Debug|Any CPU
		{0FD43214-E81D-425D-8752-B14529D4D562}.Release|Any CPU.ActiveCfg = Release|Any CPU
		{0FD43214-E81D-425D-8752-B14529D4D562}.Release|Any CPU.Build.0 = Release|Any CPU
		{1F6F4BE5-4B68-47FC-A8A3-9D6C441F9CEE}.Debug|Any CPU.ActiveCfg = Debug|Any CPU
		{1F6F4BE5-4B68-47FC-A8A3-9D6C441F9CEE}.Debug|Any CPU.Build.0 = Debug|Any CPU
		{1F6F4BE5-4B68-47FC-A8A3-9D6C441F9CEE}.Release|Any CPU.ActiveCfg = Release|Any CPU
		{1F6F4BE5-4B68-47FC-A8A3-9D6C441F9CEE}.Release|Any CPU.Build.0 = Release|Any CPU
		{66F5FA87-B05A-4444-8730-2B5D3E59A9F5}.Debug|Any CPU.ActiveCfg = Debug|Any CPU
		{66F5FA87-B05A-4444-8730-2B5D3E59A9F5}.Debug|Any CPU.Build.0 = Debug|Any CPU
		{66F5FA87-B05A-4444-8730-2B5D3E59A9F5}.Release|Any CPU.ActiveCfg = Release|Any CPU
		{66F5FA87-B05A-4444-8730-2B5D3E59A9F5}.Release|Any CPU.Build.0 = Release|Any CPU
		{143042F0-0234-4E09-A75F-8CDBF91B4166}.Debug|Any CPU.ActiveCfg = Debug|Any CPU
		{143042F0-0234-4E09-A75F-8CDBF91B4166}.Debug|Any CPU.Build.0 = Debug|Any CPU
		{143042F0-0234-4E09-A75F-8CDBF91B4166}.Release|Any CPU.ActiveCfg = Release|Any CPU
		{143042F0-0234-4E09-A75F-8CDBF91B4166}.Release|Any CPU.Build.0 = Release|Any CPU
		{F94BD860-9ABA-49F4-A47F-814573D7885B}.Debug|Any CPU.ActiveCfg = Debug|Any CPU
		{F94BD860-9ABA-49F4-A47F-814573D7885B}.Debug|Any CPU.Build.0 = Debug|Any CPU
		{F94BD860-9ABA-49F4-A47F-814573D7885B}.Release|Any CPU.ActiveCfg = Release|Any CPU
		{F94BD860-9ABA-49F4-A47F-814573D7885B}.Release|Any CPU.Build.0 = Release|Any CPU
		{86DE745B-7CC9-4979-A111-C5982379BC99}.Debug|Any CPU.ActiveCfg = Debug|Any CPU
		{86DE745B-7CC9-4979-A111-C5982379BC99}.Debug|Any CPU.Build.0 = Debug|Any CPU
		{86DE745B-7CC9-4979-A111-C5982379BC99}.Release|Any CPU.ActiveCfg = Release|Any CPU
		{86DE745B-7CC9-4979-A111-C5982379BC99}.Release|Any CPU.Build.0 = Release|Any CPU
		{E77EA61A-7FFB-4C17-9CF4-BD940C25A3EA}.Debug|Any CPU.ActiveCfg = Debug|Any CPU
		{E77EA61A-7FFB-4C17-9CF4-BD940C25A3EA}.Debug|Any CPU.Build.0 = Debug|Any CPU
		{E77EA61A-7FFB-4C17-9CF4-BD940C25A3EA}.Release|Any CPU.ActiveCfg = Release|Any CPU
		{E77EA61A-7FFB-4C17-9CF4-BD940C25A3EA}.Release|Any CPU.Build.0 = Release|Any CPU
		{C4F3089B-E322-4FC0-9F7A-7C9E0B9CE20C}.Debug|Any CPU.ActiveCfg = Debug|Any CPU
		{C4F3089B-E322-4FC0-9F7A-7C9E0B9CE20C}.Debug|Any CPU.Build.0 = Debug|Any CPU
		{C4F3089B-E322-4FC0-9F7A-7C9E0B9CE20C}.Release|Any CPU.ActiveCfg = Release|Any CPU
		{C4F3089B-E322-4FC0-9F7A-7C9E0B9CE20C}.Release|Any CPU.Build.0 = Release|Any CPU
		{014ECB1D-B58D-43D5-927A-648EF7C81604}.Debug|Any CPU.ActiveCfg = Debug|Any CPU
		{014ECB1D-B58D-43D5-927A-648EF7C81604}.Debug|Any CPU.Build.0 = Debug|Any CPU
		{014ECB1D-B58D-43D5-927A-648EF7C81604}.Release|Any CPU.ActiveCfg = Release|Any CPU
		{014ECB1D-B58D-43D5-927A-648EF7C81604}.Release|Any CPU.Build.0 = Release|Any CPU
		{B0E3DFEB-E6BD-4EB0-B86B-54B55F2579C5}.Debug|Any CPU.ActiveCfg = Debug|Any CPU
		{B0E3DFEB-E6BD-4EB0-B86B-54B55F2579C5}.Debug|Any CPU.Build.0 = Debug|Any CPU
		{B0E3DFEB-E6BD-4EB0-B86B-54B55F2579C5}.Release|Any CPU.ActiveCfg = Release|Any CPU
		{B0E3DFEB-E6BD-4EB0-B86B-54B55F2579C5}.Release|Any CPU.Build.0 = Release|Any CPU
		{DC189485-946A-47AF-AEA8-29ED598674D9}.Debug|Any CPU.ActiveCfg = Debug|Any CPU
		{DC189485-946A-47AF-AEA8-29ED598674D9}.Debug|Any CPU.Build.0 = Debug|Any CPU
		{DC189485-946A-47AF-AEA8-29ED598674D9}.Release|Any CPU.ActiveCfg = Release|Any CPU
		{DC189485-946A-47AF-AEA8-29ED598674D9}.Release|Any CPU.Build.0 = Release|Any CPU
		{1838C7AF-6F67-4457-8226-3B43E50202DF}.Debug|Any CPU.ActiveCfg = Debug|Any CPU
		{1838C7AF-6F67-4457-8226-3B43E50202DF}.Debug|Any CPU.Build.0 = Debug|Any CPU
		{1838C7AF-6F67-4457-8226-3B43E50202DF}.Release|Any CPU.ActiveCfg = Release|Any CPU
		{1838C7AF-6F67-4457-8226-3B43E50202DF}.Release|Any CPU.Build.0 = Release|Any CPU
	EndGlobalSection
EndGlobal
