
Microsoft Visual Studio Solution File, Format Version 12.00
# Visual Studio Version 16
VisualStudioVersion = 16.0.808.2
MinimumVisualStudioVersion = 10.0.40219.1
Project("{FAE04EC0-301F-11D3-BF4B-00C04F79EFBC}") = "Task1", "Task1\Task1.csproj", "{91B84D3E-BC8E-4B8E-A587-0EC4DE468C1F}"
EndProject
Project("{FAE04EC0-301F-11D3-BF4B-00C04F79EFBC}") = "Task2", "Task2\Task2.csproj", "{1F201EF3-5CD9-4571-B031-02D5D013CC6D}"
EndProject
Project("{FAE04EC0-301F-11D3-BF4B-00C04F79EFBC}") = "Task3", "Task3\Task3.csproj", "{BDC2AD77-66C2-4C13-BA97-C2BF1EFFFFDF}"
EndProject
Project("{FAE04EC0-301F-11D3-BF4B-00C04F79EFBC}") = "Task4", "Task4\Task4.csproj", "{B101DF95-F7CB-445A-8527-C120070CA493}"
EndProject
Project("{FAE04EC0-301F-11D3-BF4B-00C04F79EFBC}") = "Task5", "Task5\Task5.csproj", "{A48D1DD2-E3C3-45A5-B685-1C012BAB76AD}"
EndProject
Global
	GlobalSection(SolutionConfigurationPlatforms) = preSolution
		Debug|Any CPU = Debug|Any CPU
		Release|Any CPU = Release|Any CPU
	EndGlobalSection
	GlobalSection(ProjectConfigurationPlatforms) = postSolution
		{91B84D3E-BC8E-4B8E-A587-0EC4DE468C1F}.Debug|Any CPU.ActiveCfg = Debug|Any CPU
		{91B84D3E-BC8E-4B8E-A587-0EC4DE468C1F}.Debug|Any CPU.Build.0 = Debug|Any CPU
		{91B84D3E-BC8E-4B8E-A587-0EC4DE468C1F}.Release|Any CPU.ActiveCfg = Release|Any CPU
		{91B84D3E-BC8E-4B8E-A587-0EC4DE468C1F}.Release|Any CPU.Build.0 = Release|Any CPU
		{1F201EF3-5CD9-4571-B031-02D5D013CC6D}.Debug|Any CPU.ActiveCfg = Debug|Any CPU
		{1F201EF3-5CD9-4571-B031-02D5D013CC6D}.Debug|Any CPU.Build.0 = Debug|Any CPU
		{1F201EF3-5CD9-4571-B031-02D5D013CC6D}.Release|Any CPU.ActiveCfg = Release|Any CPU
		{1F201EF3-5CD9-4571-B031-02D5D013CC6D}.Release|Any CPU.Build.0 = Release|Any CPU
		{BDC2AD77-66C2-4C13-BA97-C2BF1EFFFFDF}.Debug|Any CPU.ActiveCfg = Debug|Any CPU
		{BDC2AD77-66C2-4C13-BA97-C2BF1EFFFFDF}.Debug|Any CPU.Build.0 = Debug|Any CPU
		{BDC2AD77-66C2-4C13-BA97-C2BF1EFFFFDF}.Release|Any CPU.ActiveCfg = Release|Any CPU
		{BDC2AD77-66C2-4C13-BA97-C2BF1EFFFFDF}.Release|Any CPU.Build.0 = Release|Any CPU
		{B101DF95-F7CB-445A-8527-C120070CA493}.Debug|Any CPU.ActiveCfg = Debug|Any CPU
		{B101DF95-F7CB-445A-8527-C120070CA493}.Debug|Any CPU.Build.0 = Debug|Any CPU
		{B101DF95-F7CB-445A-8527-C120070CA493}.Release|Any CPU.ActiveCfg = Release|Any CPU
		{B101DF95-F7CB-445A-8527-C120070CA493}.Release|Any CPU.Build.0 = Release|Any CPU
		{A48D1DD2-E3C3-45A5-B685-1C012BAB76AD}.Debug|Any CPU.ActiveCfg = Debug|Any CPU
		{A48D1DD2-E3C3-45A5-B685-1C012BAB76AD}.Debug|Any CPU.Build.0 = Debug|Any CPU
		{A48D1DD2-E3C3-45A5-B685-1C012BAB76AD}.Release|Any CPU.ActiveCfg = Release|Any CPU
		{A48D1DD2-E3C3-45A5-B685-1C012BAB76AD}.Release|Any CPU.Build.0 = Release|Any CPU
	EndGlobalSection
	GlobalSection(SolutionProperties) = preSolution
		HideSolutionNode = FALSE
	EndGlobalSection
	GlobalSection(ExtensibilityGlobals) = postSolution
		SolutionGuid = {A2BB85C7-2B93-462E-BBD7-A39C81CE0D86}
	EndGlobalSection
EndGlobal
